github.com/adityatelange/hugo-PaperMod v0.0.0-20250524045829-5a4651783fa9 h1:vSOmKCogP6L4SV2eO7A2zgO7sdml4Ta7tZSd6ccOTmQ=
github.com/adityatelange/hugo-PaperMod v0.0.0-20250524045829-5a4651783fa9/go.mod h1:HCHxNMKYdGafUYjVV3ICiAqznZK2yH0iI53jqcDFDdQ=
github.com/zerostaticthemes/hugo-serif-theme v1.1.2-0.20231126054038-144534f8b084 h1:dnEGqoD2VyIwU6G/rVPJaIvrpSYT/SABYnIdDQ53b8w=
github.com/zerostaticthemes/hugo-serif-theme v1.1.2-0.20231126054038-144534f8b084/go.mod h1:dT/Drfcf/NQrYTXak8BZ0hkpgOWzek94FUdGLcDORAk=
github.com/zerostaticthemes/hugo-serif-theme v1.1.2-0.20241030044952-4abfc966ff54 h1:NRZj/ug0kMf8iIDMKo3fDlJukty9mbUQWUvv0Pu17cg=
github.com/zerostaticthemes/hugo-serif-theme v1.1.2-0.20241030044952-4abfc966ff54/go.mod h1:dT/Drfcf/NQrYTXak8BZ0hkpgOWzek94FUdGLcDORAk=
